
Microsoft Visual Studio Solution File, Format Version 12.00
# Visual Studio 15
VisualStudioVersion = 15.0.28307.421
MinimumVisualStudioVersion = 10.0.40219.1
Project("{FAE04EC0-301F-11D3-BF4B-00C04F79EFBC}") = "App7.Android", "App7\App7.Android\App7.Android.csproj", "{3478184F-613E-42E3-B63E-EB996A7EA433}"
EndProject
Project("{FAE04EC0-301F-11D3-BF4B-00C04F79EFBC}") = "App7.iOS", "App7\App7.iOS\App7.iOS.csproj", "{6D2DFB6D-0FEC-4234-B9A9-9129E360D073}"
EndProject
Project("{FAE04EC0-301F-11D3-BF4B-00C04F79EFBC}") = "App7.UWP", "App7\App7.UWP\App7.UWP.csproj", "{DB8376B5-E156-4EEF-98B1-20A392464198}"
EndProject
Project("{FAE04EC0-301F-11D3-BF4B-00C04F79EFBC}") = "App7", "App7\App7\App7.csproj", "{55C12F20-978F-4CFF-A3BB-596A93585343}"
EndProject
Global
	GlobalSection(SolutionConfigurationPlatforms) = preSolution
		Ad-Hoc|Any CPU = Ad-Hoc|Any CPU
		Ad-Hoc|ARM = Ad-Hoc|ARM
		Ad-Hoc|iPhone = Ad-Hoc|iPhone
		Ad-Hoc|iPhoneSimulator = Ad-Hoc|iPhoneSimulator
		Ad-Hoc|x64 = Ad-Hoc|x64
		Ad-Hoc|x86 = Ad-Hoc|x86
		AppStore|Any CPU = AppStore|Any CPU
		AppStore|ARM = AppStore|ARM
		AppStore|iPhone = AppStore|iPhone
		AppStore|iPhoneSimulator = AppStore|iPhoneSimulator
		AppStore|x64 = AppStore|x64
		AppStore|x86 = AppStore|x86
		Debug|Any CPU = Debug|Any CPU
		Debug|ARM = Debug|ARM
		Debug|iPhone = Debug|iPhone
		Debug|iPhoneSimulator = Debug|iPhoneSimulator
		Debug|x64 = Debug|x64
		Debug|x86 = Debug|x86
		Release|Any CPU = Release|Any CPU
		Release|ARM = Release|ARM
		Release|iPhone = Release|iPhone
		Release|iPhoneSimulator = Release|iPhoneSimulator
		Release|x64 = Release|x64
		Release|x86 = Release|x86
	EndGlobalSection
	GlobalSection(ProjectConfigurationPlatforms) = postSolution
		{3478184F-613E-42E3-B63E-EB996A7EA433}.Ad-Hoc|Any CPU.ActiveCfg = Release|Any CPU
		{3478184F-613E-42E3-B63E-EB996A7EA433}.Ad-Hoc|Any CPU.Build.0 = Release|Any CPU
		{3478184F-613E-42E3-B63E-EB996A7EA433}.Ad-Hoc|Any CPU.Deploy.0 = Release|Any CPU
		{3478184F-613E-42E3-B63E-EB996A7EA433}.Ad-Hoc|ARM.ActiveCfg = Release|Any CPU
		{3478184F-613E-42E3-B63E-EB996A7EA433}.Ad-Hoc|ARM.Build.0 = Release|Any CPU
		{3478184F-613E-42E3-B63E-EB996A7EA433}.Ad-Hoc|ARM.Deploy.0 = Release|Any CPU
		{3478184F-613E-42E3-B63E-EB996A7EA433}.Ad-Hoc|iPhone.ActiveCfg = Release|Any CPU
		{3478184F-613E-42E3-B63E-EB996A7EA433}.Ad-Hoc|iPhone.Build.0 = Release|Any CPU
		{3478184F-613E-42E3-B63E-EB996A7EA433}.Ad-Hoc|iPhone.Deploy.0 = Release|Any CPU
		{3478184F-613E-42E3-B63E-EB996A7EA433}.Ad-Hoc|iPhoneSimulator.ActiveCfg = Release|Any CPU
		{3478184F-613E-42E3-B63E-EB996A7EA433}.Ad-Hoc|iPhoneSimulator.Build.0 = Release|Any CPU
		{3478184F-613E-42E3-B63E-EB996A7EA433}.Ad-Hoc|iPhoneSimulator.Deploy.0 = Release|Any CPU
		{3478184F-613E-42E3-B63E-EB996A7EA433}.Ad-Hoc|x64.ActiveCfg = Release|Any CPU
		{3478184F-613E-42E3-B63E-EB996A7EA433}.Ad-Hoc|x64.Build.0 = Release|Any CPU
		{3478184F-613E-42E3-B63E-EB996A7EA433}.Ad-Hoc|x64.Deploy.0 = Release|Any CPU
		{3478184F-613E-42E3-B63E-EB996A7EA433}.Ad-Hoc|x86.ActiveCfg = Release|Any CPU
		{3478184F-613E-42E3-B63E-EB996A7EA433}.Ad-Hoc|x86.Build.0 = Release|Any CPU
		{3478184F-613E-42E3-B63E-EB996A7EA433}.Ad-Hoc|x86.Deploy.0 = Release|Any CPU
		{3478184F-613E-42E3-B63E-EB996A7EA433}.AppStore|Any CPU.ActiveCfg = Release|Any CPU
		{3478184F-613E-42E3-B63E-EB996A7EA433}.AppStore|Any CPU.Build.0 = Release|Any CPU
		{3478184F-613E-42E3-B63E-EB996A7EA433}.AppStore|Any CPU.Deploy.0 = Release|Any CPU
		{3478184F-613E-42E3-B63E-EB996A7EA433}.AppStore|ARM.ActiveCfg = Release|Any CPU
		{3478184F-613E-42E3-B63E-EB996A7EA433}.AppStore|ARM.Build.0 = Release|Any CPU
		{3478184F-613E-42E3-B63E-EB996A7EA433}.AppStore|ARM.Deploy.0 = Release|Any CPU
		{3478184F-613E-42E3-B63E-EB996A7EA433}.AppStore|iPhone.ActiveCfg = Release|Any CPU
		{3478184F-613E-42E3-B63E-EB996A7EA433}.AppStore|iPhone.Build.0 = Release|Any CPU
		{3478184F-613E-42E3-B63E-EB996A7EA433}.AppStore|iPhone.Deploy.0 = Release|Any CPU
		{3478184F-613E-42E3-B63E-EB996A7EA433}.AppStore|iPhoneSimulator.ActiveCfg = Release|Any CPU
		{3478184F-613E-42E3-B63E-EB996A7EA433}.AppStore|iPhoneSimulator.Build.0 = Release|Any CPU
		{3478184F-613E-42E3-B63E-EB996A7EA433}.AppStore|iPhoneSimulator.Deploy.0 = Release|Any CPU
		{3478184F-613E-42E3-B63E-EB996A7EA433}.AppStore|x64.ActiveCfg = Release|Any CPU
		{3478184F-613E-42E3-B63E-EB996A7EA433}.AppStore|x64.Build.0 = Release|Any CPU
		{3478184F-613E-42E3-B63E-EB996A7EA433}.AppStore|x64.Deploy.0 = Release|Any CPU
		{3478184F-613E-42E3-B63E-EB996A7EA433}.AppStore|x86.ActiveCfg = Release|Any CPU
		{3478184F-613E-42E3-B63E-EB996A7EA433}.AppStore|x86.Build.0 = Release|Any CPU
		{3478184F-613E-42E3-B63E-EB996A7EA433}.AppStore|x86.Deploy.0 = Release|Any CPU
		{3478184F-613E-42E3-B63E-EB996A7EA433}.Debug|Any CPU.ActiveCfg = Debug|Any CPU
		{3478184F-613E-42E3-B63E-EB996A7EA433}.Debug|Any CPU.Build.0 = Debug|Any CPU
		{3478184F-613E-42E3-B63E-EB996A7EA433}.Debug|Any CPU.Deploy.0 = Debug|Any CPU
		{3478184F-613E-42E3-B63E-EB996A7EA433}.Debug|ARM.ActiveCfg = Debug|Any CPU
		{3478184F-613E-42E3-B63E-EB996A7EA433}.Debug|ARM.Build.0 = Debug|Any CPU
		{3478184F-613E-42E3-B63E-EB996A7EA433}.Debug|ARM.Deploy.0 = Debug|Any CPU
		{3478184F-613E-42E3-B63E-EB996A7EA433}.Debug|iPhone.ActiveCfg = Debug|Any CPU
		{3478184F-613E-42E3-B63E-EB996A7EA433}.Debug|iPhone.Build.0 = Debug|Any CPU
		{3478184F-613E-42E3-B63E-EB996A7EA433}.Debug|iPhone.Deploy.0 = Debug|Any CPU
		{3478184F-613E-42E3-B63E-EB996A7EA433}.Debug|iPhoneSimulator.ActiveCfg = Debug|Any CPU
		{3478184F-613E-42E3-B63E-EB996A7EA433}.Debug|iPhoneSimulator.Build.0 = Debug|Any CPU
		{3478184F-613E-42E3-B63E-EB996A7EA433}.Debug|iPhoneSimulator.Deploy.0 = Debug|Any CPU
		{3478184F-613E-42E3-B63E-EB996A7EA433}.Debug|x64.ActiveCfg = Debug|Any CPU
		{3478184F-613E-42E3-B63E-EB996A7EA433}.Debug|x64.Build.0 = Debug|Any CPU
		{3478184F-613E-42E3-B63E-EB996A7EA433}.Debug|x64.Deploy.0 = Debug|Any CPU
		{3478184F-613E-42E3-B63E-EB996A7EA433}.Debug|x86.ActiveCfg = Debug|Any CPU
		{3478184F-613E-42E3-B63E-EB996A7EA433}.Debug|x86.Build.0 = Debug|Any CPU
		{3478184F-613E-42E3-B63E-EB996A7EA433}.Debug|x86.Deploy.0 = Debug|Any CPU
		{3478184F-613E-42E3-B63E-EB996A7EA433}.Release|Any CPU.ActiveCfg = Release|Any CPU
		{3478184F-613E-42E3-B63E-EB996A7EA433}.Release|Any CPU.Build.0 = Release|Any CPU
		{3478184F-613E-42E3-B63E-EB996A7EA433}.Release|Any CPU.Deploy.0 = Release|Any CPU
		{3478184F-613E-42E3-B63E-EB996A7EA433}.Release|ARM.ActiveCfg = Release|Any CPU
		{3478184F-613E-42E3-B63E-EB996A7EA433}.Release|ARM.Build.0 = Release|Any CPU
		{3478184F-613E-42E3-B63E-EB996A7EA433}.Release|ARM.Deploy.0 = Release|Any CPU
		{3478184F-613E-42E3-B63E-EB996A7EA433}.Release|iPhone.ActiveCfg = Release|Any CPU
		{3478184F-613E-42E3-B63E-EB996A7EA433}.Release|iPhone.Build.0 = Release|Any CPU
		{3478184F-613E-42E3-B63E-EB996A7EA433}.Release|iPhone.Deploy.0 = Release|Any CPU
		{3478184F-613E-42E3-B63E-EB996A7EA433}.Release|iPhoneSimulator.ActiveCfg = Release|Any CPU
		{3478184F-613E-42E3-B63E-EB996A7EA433}.Release|iPhoneSimulator.Build.0 = Release|Any CPU
		{3478184F-613E-42E3-B63E-EB996A7EA433}.Release|iPhoneSimulator.Deploy.0 = Release|Any CPU
		{3478184F-613E-42E3-B63E-EB996A7EA433}.Release|x64.ActiveCfg = Release|Any CPU
		{3478184F-613E-42E3-B63E-EB996A7EA433}.Release|x64.Build.0 = Release|Any CPU
		{3478184F-613E-42E3-B63E-EB996A7EA433}.Release|x64.Deploy.0 = Release|Any CPU
		{3478184F-613E-42E3-B63E-EB996A7EA433}.Release|x86.ActiveCfg = Release|Any CPU
		{3478184F-613E-42E3-B63E-EB996A7EA433}.Release|x86.Build.0 = Release|Any CPU
		{3478184F-613E-42E3-B63E-EB996A7EA433}.Release|x86.Deploy.0 = Release|Any CPU
		{6D2DFB6D-0FEC-4234-B9A9-9129E360D073}.Ad-Hoc|Any CPU.ActiveCfg = Ad-Hoc|iPhone
		{6D2DFB6D-0FEC-4234-B9A9-9129E360D073}.Ad-Hoc|Any CPU.Build.0 = Ad-Hoc|iPhone
		{6D2DFB6D-0FEC-4234-B9A9-9129E360D073}.Ad-Hoc|Any CPU.Deploy.0 = Ad-Hoc|iPhone
		{6D2DFB6D-0FEC-4234-B9A9-9129E360D073}.Ad-Hoc|ARM.ActiveCfg = Ad-Hoc|iPhone
		{6D2DFB6D-0FEC-4234-B9A9-9129E360D073}.Ad-Hoc|ARM.Build.0 = Ad-Hoc|iPhone
		{6D2DFB6D-0FEC-4234-B9A9-9129E360D073}.Ad-Hoc|ARM.Deploy.0 = Ad-Hoc|iPhone
		{6D2DFB6D-0FEC-4234-B9A9-9129E360D073}.Ad-Hoc|iPhone.ActiveCfg = Ad-Hoc|iPhone
		{6D2DFB6D-0FEC-4234-B9A9-9129E360D073}.Ad-Hoc|iPhone.Build.0 = Ad-Hoc|iPhone
		{6D2DFB6D-0FEC-4234-B9A9-9129E360D073}.Ad-Hoc|iPhone.Deploy.0 = Ad-Hoc|iPhone
		{6D2DFB6D-0FEC-4234-B9A9-9129E360D073}.Ad-Hoc|iPhoneSimulator.ActiveCfg = Ad-Hoc|iPhoneSimulator
		{6D2DFB6D-0FEC-4234-B9A9-9129E360D073}.Ad-Hoc|iPhoneSimulator.Build.0 = Ad-Hoc|iPhoneSimulator
		{6D2DFB6D-0FEC-4234-B9A9-9129E360D073}.Ad-Hoc|iPhoneSimulator.Deploy.0 = Ad-Hoc|iPhoneSimulator
		{6D2DFB6D-0FEC-4234-B9A9-9129E360D073}.Ad-Hoc|x64.ActiveCfg = Ad-Hoc|iPhone
		{6D2DFB6D-0FEC-4234-B9A9-9129E360D073}.Ad-Hoc|x64.Build.0 = Ad-Hoc|iPhone
		{6D2DFB6D-0FEC-4234-B9A9-9129E360D073}.Ad-Hoc|x64.Deploy.0 = Ad-Hoc|iPhone
		{6D2DFB6D-0FEC-4234-B9A9-9129E360D073}.Ad-Hoc|x86.ActiveCfg = Ad-Hoc|iPhone
		{6D2DFB6D-0FEC-4234-B9A9-9129E360D073}.Ad-Hoc|x86.Build.0 = Ad-Hoc|iPhone
		{6D2DFB6D-0FEC-4234-B9A9-9129E360D073}.Ad-Hoc|x86.Deploy.0 = Ad-Hoc|iPhone
		{6D2DFB6D-0FEC-4234-B9A9-9129E360D073}.AppStore|Any CPU.ActiveCfg = AppStore|iPhone
		{6D2DFB6D-0FEC-4234-B9A9-9129E360D073}.AppStore|Any CPU.Build.0 = AppStore|iPhone
		{6D2DFB6D-0FEC-4234-B9A9-9129E360D073}.AppStore|Any CPU.Deploy.0 = AppStore|iPhone
		{6D2DFB6D-0FEC-4234-B9A9-9129E360D073}.AppStore|ARM.ActiveCfg = AppStore|iPhone
		{6D2DFB6D-0FEC-4234-B9A9-9129E360D073}.AppStore|ARM.Build.0 = AppStore|iPhone
		{6D2DFB6D-0FEC-4234-B9A9-9129E360D073}.AppStore|ARM.Deploy.0 = AppStore|iPhone
		{6D2DFB6D-0FEC-4234-B9A9-9129E360D073}.AppStore|iPhone.ActiveCfg = AppStore|iPhone
		{6D2DFB6D-0FEC-4234-B9A9-9129E360D073}.AppStore|iPhone.Build.0 = AppStore|iPhone
		{6D2DFB6D-0FEC-4234-B9A9-9129E360D073}.AppStore|iPhone.Deploy.0 = AppStore|iPhone
		{6D2DFB6D-0FEC-4234-B9A9-9129E360D073}.AppStore|iPhoneSimulator.ActiveCfg = AppStore|iPhoneSimulator
		{6D2DFB6D-0FEC-4234-B9A9-9129E360D073}.AppStore|iPhoneSimulator.Build.0 = AppStore|iPhoneSimulator
		{6D2DFB6D-0FEC-4234-B9A9-9129E360D073}.AppStore|iPhoneSimulator.Deploy.0 = AppStore|iPhoneSimulator
		{6D2DFB6D-0FEC-4234-B9A9-9129E360D073}.AppStore|x64.ActiveCfg = AppStore|iPhone
		{6D2DFB6D-0FEC-4234-B9A9-9129E360D073}.AppStore|x64.Build.0 = AppStore|iPhone
		{6D2DFB6D-0FEC-4234-B9A9-9129E360D073}.AppStore|x64.Deploy.0 = AppStore|iPhone
		{6D2DFB6D-0FEC-4234-B9A9-9129E360D073}.AppStore|x86.ActiveCfg = AppStore|iPhone
		{6D2DFB6D-0FEC-4234-B9A9-9129E360D073}.AppStore|x86.Build.0 = AppStore|iPhone
		{6D2DFB6D-0FEC-4234-B9A9-9129E360D073}.AppStore|x86.Deploy.0 = AppStore|iPhone
		{6D2DFB6D-0FEC-4234-B9A9-9129E360D073}.Debug|Any CPU.ActiveCfg = Debug|iPhoneSimulator
		{6D2DFB6D-0FEC-4234-B9A9-9129E360D073}.Debug|Any CPU.Build.0 = Debug|iPhoneSimulator
		{6D2DFB6D-0FEC-4234-B9A9-9129E360D073}.Debug|Any CPU.Deploy.0 = Debug|iPhoneSimulator
		{6D2DFB6D-0FEC-4234-B9A9-9129E360D073}.Debug|ARM.ActiveCfg = Debug|iPhone
		{6D2DFB6D-0FEC-4234-B9A9-9129E360D073}.Debug|ARM.Build.0 = Debug|iPhone
		{6D2DFB6D-0FEC-4234-B9A9-9129E360D073}.Debug|ARM.Deploy.0 = Debug|iPhone
		{6D2DFB6D-0FEC-4234-B9A9-9129E360D073}.Debug|iPhone.ActiveCfg = Debug|iPhone
		{6D2DFB6D-0FEC-4234-B9A9-9129E360D073}.Debug|iPhone.Build.0 = Debug|iPhone
		{6D2DFB6D-0FEC-4234-B9A9-9129E360D073}.Debug|iPhone.Deploy.0 = Debug|iPhone
		{6D2DFB6D-0FEC-4234-B9A9-9129E360D073}.Debug|iPhoneSimulator.ActiveCfg = Debug|iPhoneSimulator
		{6D2DFB6D-0FEC-4234-B9A9-9129E360D073}.Debug|iPhoneSimulator.Build.0 = Debug|iPhoneSimulator
		{6D2DFB6D-0FEC-4234-B9A9-9129E360D073}.Debug|iPhoneSimulator.Deploy.0 = Debug|iPhoneSimulator
		{6D2DFB6D-0FEC-4234-B9A9-9129E360D073}.Debug|x64.ActiveCfg = Debug|iPhone
		{6D2DFB6D-0FEC-4234-B9A9-9129E360D073}.Debug|x64.Build.0 = Debug|iPhone
		{6D2DFB6D-0FEC-4234-B9A9-9129E360D073}.Debug|x64.Deploy.0 = Debug|iPhone
		{6D2DFB6D-0FEC-4234-B9A9-9129E360D073}.Debug|x86.ActiveCfg = Debug|iPhone
		{6D2DFB6D-0FEC-4234-B9A9-9129E360D073}.Debug|x86.Build.0 = Debug|iPhone
		{6D2DFB6D-0FEC-4234-B9A9-9129E360D073}.Debug|x86.Deploy.0 = Debug|iPhone
		{6D2DFB6D-0FEC-4234-B9A9-9129E360D073}.Release|Any CPU.ActiveCfg = Release|iPhone
		{6D2DFB6D-0FEC-4234-B9A9-9129E360D073}.Release|Any CPU.Build.0 = Release|iPhone
		{6D2DFB6D-0FEC-4234-B9A9-9129E360D073}.Release|Any CPU.Deploy.0 = Release|iPhone
		{6D2DFB6D-0FEC-4234-B9A9-9129E360D073}.Release|ARM.ActiveCfg = Release|iPhone
		{6D2DFB6D-0FEC-4234-B9A9-9129E360D073}.Release|ARM.Build.0 = Release|iPhone
		{6D2DFB6D-0FEC-4234-B9A9-9129E360D073}.Release|ARM.Deploy.0 = Release|iPhone
		{6D2DFB6D-0FEC-4234-B9A9-9129E360D073}.Release|iPhone.ActiveCfg = Release|iPhone
		{6D2DFB6D-0FEC-4234-B9A9-9129E360D073}.Release|iPhone.Build.0 = Release|iPhone
		{6D2DFB6D-0FEC-4234-B9A9-9129E360D073}.Release|iPhone.Deploy.0 = Release|iPhone
		{6D2DFB6D-0FEC-4234-B9A9-9129E360D073}.Release|iPhoneSimulator.ActiveCfg = Release|iPhoneSimulator
		{6D2DFB6D-0FEC-4234-B9A9-9129E360D073}.Release|iPhoneSimulator.Build.0 = Release|iPhoneSimulator
		{6D2DFB6D-0FEC-4234-B9A9-9129E360D073}.Release|iPhoneSimulator.Deploy.0 = Release|iPhoneSimulator
		{6D2DFB6D-0FEC-4234-B9A9-9129E360D073}.Release|x64.ActiveCfg = Release|iPhone
		{6D2DFB6D-0FEC-4234-B9A9-9129E360D073}.Release|x64.Build.0 = Release|iPhone
		{6D2DFB6D-0FEC-4234-B9A9-9129E360D073}.Release|x64.Deploy.0 = Release|iPhone
		{6D2DFB6D-0FEC-4234-B9A9-9129E360D073}.Release|x86.ActiveCfg = Release|iPhone
		{6D2DFB6D-0FEC-4234-B9A9-9129E360D073}.Release|x86.Build.0 = Release|iPhone
		{6D2DFB6D-0FEC-4234-B9A9-9129E360D073}.Release|x86.Deploy.0 = Release|iPhone
		{DB8376B5-E156-4EEF-98B1-20A392464198}.Ad-Hoc|Any CPU.ActiveCfg = Release|x86
		{DB8376B5-E156-4EEF-98B1-20A392464198}.Ad-Hoc|Any CPU.Build.0 = Release|x86
		{DB8376B5-E156-4EEF-98B1-20A392464198}.Ad-Hoc|Any CPU.Deploy.0 = Release|x86
		{DB8376B5-E156-4EEF-98B1-20A392464198}.Ad-Hoc|ARM.ActiveCfg = Release|ARM
		{DB8376B5-E156-4EEF-98B1-20A392464198}.Ad-Hoc|ARM.Build.0 = Release|ARM
		{DB8376B5-E156-4EEF-98B1-20A392464198}.Ad-Hoc|ARM.Deploy.0 = Release|ARM
		{DB8376B5-E156-4EEF-98B1-20A392464198}.Ad-Hoc|iPhone.ActiveCfg = Release|x86
		{DB8376B5-E156-4EEF-98B1-20A392464198}.Ad-Hoc|iPhone.Build.0 = Release|x86
		{DB8376B5-E156-4EEF-98B1-20A392464198}.Ad-Hoc|iPhone.Deploy.0 = Release|x86
		{DB8376B5-E156-4EEF-98B1-20A392464198}.Ad-Hoc|iPhoneSimulator.ActiveCfg = Release|x86
		{DB8376B5-E156-4EEF-98B1-20A392464198}.Ad-Hoc|iPhoneSimulator.Build.0 = Release|x86
		{DB8376B5-E156-4EEF-98B1-20A392464198}.Ad-Hoc|iPhoneSimulator.Deploy.0 = Release|x86
		{DB8376B5-E156-4EEF-98B1-20A392464198}.Ad-Hoc|x64.ActiveCfg = Release|x64
		{DB8376B5-E156-4EEF-98B1-20A392464198}.Ad-Hoc|x64.Build.0 = Release|x64
		{DB8376B5-E156-4EEF-98B1-20A392464198}.Ad-Hoc|x64.Deploy.0 = Release|x64
		{DB8376B5-E156-4EEF-98B1-20A392464198}.Ad-Hoc|x86.ActiveCfg = Release|x86
		{DB8376B5-E156-4EEF-98B1-20A392464198}.Ad-Hoc|x86.Build.0 = Release|x86
		{DB8376B5-E156-4EEF-98B1-20A392464198}.Ad-Hoc|x86.Deploy.0 = Release|x86
		{DB8376B5-E156-4EEF-98B1-20A392464198}.AppStore|Any CPU.ActiveCfg = Release|x86
		{DB8376B5-E156-4EEF-98B1-20A392464198}.AppStore|Any CPU.Build.0 = Release|x86
		{DB8376B5-E156-4EEF-98B1-20A392464198}.AppStore|Any CPU.Deploy.0 = Release|x86
		{DB8376B5-E156-4EEF-98B1-20A392464198}.AppStore|ARM.ActiveCfg = Release|ARM
		{DB8376B5-E156-4EEF-98B1-20A392464198}.AppStore|ARM.Build.0 = Release|ARM
		{DB8376B5-E156-4EEF-98B1-20A392464198}.AppStore|ARM.Deploy.0 = Release|ARM
		{DB8376B5-E156-4EEF-98B1-20A392464198}.AppStore|iPhone.ActiveCfg = Release|x86
		{DB8376B5-E156-4EEF-98B1-20A392464198}.AppStore|iPhone.Build.0 = Release|x86
		{DB8376B5-E156-4EEF-98B1-20A392464198}.AppStore|iPhone.Deploy.0 = Release|x86
		{DB8376B5-E156-4EEF-98B1-20A392464198}.AppStore|iPhoneSimulator.ActiveCfg = Release|x86
		{DB8376B5-E156-4EEF-98B1-20A392464198}.AppStore|iPhoneSimulator.Build.0 = Release|x86
		{DB8376B5-E156-4EEF-98B1-20A392464198}.AppStore|iPhoneSimulator.Deploy.0 = Release|x86
		{DB8376B5-E156-4EEF-98B1-20A392464198}.AppStore|x64.ActiveCfg = Release|x64
		{DB8376B5-E156-4EEF-98B1-20A392464198}.AppStore|x64.Build.0 = Release|x64
		{DB8376B5-E156-4EEF-98B1-20A392464198}.AppStore|x64.Deploy.0 = Release|x64
		{DB8376B5-E156-4EEF-98B1-20A392464198}.AppStore|x86.ActiveCfg = Release|x86
		{DB8376B5-E156-4EEF-98B1-20A392464198}.AppStore|x86.Build.0 = Release|x86
		{DB8376B5-E156-4EEF-98B1-20A392464198}.AppStore|x86.Deploy.0 = Release|x86
		{DB8376B5-E156-4EEF-98B1-20A392464198}.Debug|Any CPU.ActiveCfg = Debug|x86
		{DB8376B5-E156-4EEF-98B1-20A392464198}.Debug|Any CPU.Build.0 = Debug|x86
		{DB8376B5-E156-4EEF-98B1-20A392464198}.Debug|Any CPU.Deploy.0 = Debug|x86
		{DB8376B5-E156-4EEF-98B1-20A392464198}.Debug|ARM.ActiveCfg = Debug|ARM
		{DB8376B5-E156-4EEF-98B1-20A392464198}.Debug|ARM.Build.0 = Debug|ARM
		{DB8376B5-E156-4EEF-98B1-20A392464198}.Debug|ARM.Deploy.0 = Debug|ARM
		{DB8376B5-E156-4EEF-98B1-20A392464198}.Debug|iPhone.ActiveCfg = Debug|x86
		{DB8376B5-E156-4EEF-98B1-20A392464198}.Debug|iPhone.Build.0 = Debug|x86
		{DB8376B5-E156-4EEF-98B1-20A392464198}.Debug|iPhone.Deploy.0 = Debug|x86
		{DB8376B5-E156-4EEF-98B1-20A392464198}.Debug|iPhoneSimulator.ActiveCfg = Debug|x86
		{DB8376B5-E156-4EEF-98B1-20A392464198}.Debug|iPhoneSimulator.Build.0 = Debug|x86
		{DB8376B5-E156-4EEF-98B1-20A392464198}.Debug|iPhoneSimulator.Deploy.0 = Debug|x86
		{DB8376B5-E156-4EEF-98B1-20A392464198}.Debug|x64.ActiveCfg = Debug|x64
		{DB8376B5-E156-4EEF-98B1-20A392464198}.Debug|x64.Build.0 = Debug|x64
		{DB8376B5-E156-4EEF-98B1-20A392464198}.Debug|x64.Deploy.0 = Debug|x64
		{DB8376B5-E156-4EEF-98B1-20A392464198}.Debug|x86.ActiveCfg = Debug|x86
		{DB8376B5-E156-4EEF-98B1-20A392464198}.Debug|x86.Build.0 = Debug|x86
		{DB8376B5-E156-4EEF-98B1-20A392464198}.Debug|x86.Deploy.0 = Debug|x86
		{DB8376B5-E156-4EEF-98B1-20A392464198}.Release|Any CPU.ActiveCfg = Release|x86
		{DB8376B5-E156-4EEF-98B1-20A392464198}.Release|Any CPU.Build.0 = Release|x86
		{DB8376B5-E156-4EEF-98B1-20A392464198}.Release|Any CPU.Deploy.0 = Release|x86
		{DB8376B5-E156-4EEF-98B1-20A392464198}.Release|ARM.ActiveCfg = Release|ARM
		{DB8376B5-E156-4EEF-98B1-20A392464198}.Release|ARM.Build.0 = Release|ARM
		{DB8376B5-E156-4EEF-98B1-20A392464198}.Release|ARM.Deploy.0 = Release|ARM
		{DB8376B5-E156-4EEF-98B1-20A392464198}.Release|iPhone.ActiveCfg = Release|x86
		{DB8376B5-E156-4EEF-98B1-20A392464198}.Release|iPhone.Build.0 = Release|x86
		{DB8376B5-E156-4EEF-98B1-20A392464198}.Release|iPhone.Deploy.0 = Release|x86
		{DB8376B5-E156-4EEF-98B1-20A392464198}.Release|iPhoneSimulator.ActiveCfg = Release|x86
		{DB8376B5-E156-4EEF-98B1-20A392464198}.Release|iPhoneSimulator.Build.0 = Release|x86
		{DB8376B5-E156-4EEF-98B1-20A392464198}.Release|iPhoneSimulator.Deploy.0 = Release|x86
		{DB8376B5-E156-4EEF-98B1-20A392464198}.Release|x64.ActiveCfg = Release|x64
		{DB8376B5-E156-4EEF-98B1-20A392464198}.Release|x64.Build.0 = Release|x64
		{DB8376B5-E156-4EEF-98B1-20A392464198}.Release|x64.Deploy.0 = Release|x64
		{DB8376B5-E156-4EEF-98B1-20A392464198}.Release|x86.ActiveCfg = Release|x86
		{DB8376B5-E156-4EEF-98B1-20A392464198}.Release|x86.Build.0 = Release|x86
		{DB8376B5-E156-4EEF-98B1-20A392464198}.Release|x86.Deploy.0 = Release|x86
		{55C12F20-978F-4CFF-A3BB-596A93585343}.Ad-Hoc|Any CPU.ActiveCfg = Debug|Any CPU
		{55C12F20-978F-4CFF-A3BB-596A93585343}.Ad-Hoc|Any CPU.Build.0 = Debug|Any CPU
		{55C12F20-978F-4CFF-A3BB-596A93585343}.Ad-Hoc|Any CPU.Deploy.0 = Debug|Any CPU
		{55C12F20-978F-4CFF-A3BB-596A93585343}.Ad-Hoc|ARM.ActiveCfg = Debug|Any CPU
		{55C12F20-978F-4CFF-A3BB-596A93585343}.Ad-Hoc|ARM.Build.0 = Debug|Any CPU
		{55C12F20-978F-4CFF-A3BB-596A93585343}.Ad-Hoc|ARM.Deploy.0 = Debug|Any CPU
		{55C12F20-978F-4CFF-A3BB-596A93585343}.Ad-Hoc|iPhone.ActiveCfg = Debug|Any CPU
		{55C12F20-978F-4CFF-A3BB-596A93585343}.Ad-Hoc|iPhone.Build.0 = Debug|Any CPU
		{55C12F20-978F-4CFF-A3BB-596A93585343}.Ad-Hoc|iPhone.Deploy.0 = Debug|Any CPU
		{55C12F20-978F-4CFF-A3BB-596A93585343}.Ad-Hoc|iPhoneSimulator.ActiveCfg = Debug|Any CPU
		{55C12F20-978F-4CFF-A3BB-596A93585343}.Ad-Hoc|iPhoneSimulator.Build.0 = Debug|Any CPU
		{55C12F20-978F-4CFF-A3BB-596A93585343}.Ad-Hoc|iPhoneSimulator.Deploy.0 = Debug|Any CPU
		{55C12F20-978F-4CFF-A3BB-596A93585343}.Ad-Hoc|x64.ActiveCfg = Debug|Any CPU
		{55C12F20-978F-4CFF-A3BB-596A93585343}.Ad-Hoc|x64.Build.0 = Debug|Any CPU
		{55C12F20-978F-4CFF-A3BB-596A93585343}.Ad-Hoc|x64.Deploy.0 = Debug|Any CPU
		{55C12F20-978F-4CFF-A3BB-596A93585343}.Ad-Hoc|x86.ActiveCfg = Debug|Any CPU
		{55C12F20-978F-4CFF-A3BB-596A93585343}.Ad-Hoc|x86.Build.0 = Debug|Any CPU
		{55C12F20-978F-4CFF-A3BB-596A93585343}.Ad-Hoc|x86.Deploy.0 = Debug|Any CPU
		{55C12F20-978F-4CFF-A3BB-596A93585343}.AppStore|Any CPU.ActiveCfg = Debug|Any CPU
		{55C12F20-978F-4CFF-A3BB-596A93585343}.AppStore|Any CPU.Build.0 = Debug|Any CPU
		{55C12F20-978F-4CFF-A3BB-596A93585343}.AppStore|Any CPU.Deploy.0 = Debug|Any CPU
		{55C12F20-978F-4CFF-A3BB-596A93585343}.AppStore|ARM.ActiveCfg = Debug|Any CPU
		{55C12F20-978F-4CFF-A3BB-596A93585343}.AppStore|ARM.Build.0 = Debug|Any CPU
		{55C12F20-978F-4CFF-A3BB-596A93585343}.AppStore|ARM.Deploy.0 = Debug|Any CPU
		{55C12F20-978F-4CFF-A3BB-596A93585343}.AppStore|iPhone.ActiveCfg = Debug|Any CPU
		{55C12F20-978F-4CFF-A3BB-596A93585343}.AppStore|iPhone.Build.0 = Debug|Any CPU
		{55C12F20-978F-4CFF-A3BB-596A93585343}.AppStore|iPhone.Deploy.0 = Debug|Any CPU
		{55C12F20-978F-4CFF-A3BB-596A93585343}.AppStore|iPhoneSimulator.ActiveCfg = Debug|Any CPU
		{55C12F20-978F-4CFF-A3BB-596A93585343}.AppStore|iPhoneSimulator.Build.0 = Debug|Any CPU
		{55C12F20-978F-4CFF-A3BB-596A93585343}.AppStore|iPhoneSimulator.Deploy.0 = Debug|Any CPU
		{55C12F20-978F-4CFF-A3BB-596A93585343}.AppStore|x64.ActiveCfg = Debug|Any CPU
		{55C12F20-978F-4CFF-A3BB-596A93585343}.AppStore|x64.Build.0 = Debug|Any CPU
		{55C12F20-978F-4CFF-A3BB-596A93585343}.AppStore|x64.Deploy.0 = Debug|Any CPU
		{55C12F20-978F-4CFF-A3BB-596A93585343}.AppStore|x86.ActiveCfg = Debug|Any CPU
		{55C12F20-978F-4CFF-A3BB-596A93585343}.AppStore|x86.Build.0 = Debug|Any CPU
		{55C12F20-978F-4CFF-A3BB-596A93585343}.AppStore|x86.Deploy.0 = Debug|Any CPU
		{55C12F20-978F-4CFF-A3BB-596A93585343}.Debug|Any CPU.ActiveCfg = Debug|Any CPU
		{55C12F20-978F-4CFF-A3BB-596A93585343}.Debug|Any CPU.Build.0 = Debug|Any CPU
		{55C12F20-978F-4CFF-A3BB-596A93585343}.Debug|Any CPU.Deploy.0 = Debug|Any CPU
		{55C12F20-978F-4CFF-A3BB-596A93585343}.Debug|ARM.ActiveCfg = Debug|Any CPU
		{55C12F20-978F-4CFF-A3BB-596A93585343}.Debug|ARM.Build.0 = Debug|Any CPU
		{55C12F20-978F-4CFF-A3BB-596A93585343}.Debug|ARM.Deploy.0 = Debug|Any CPU
		{55C12F20-978F-4CFF-A3BB-596A93585343}.Debug|iPhone.ActiveCfg = Debug|Any CPU
		{55C12F20-978F-4CFF-A3BB-596A93585343}.Debug|iPhone.Build.0 = Debug|Any CPU
		{55C12F20-978F-4CFF-A3BB-596A93585343}.Debug|iPhone.Deploy.0 = Debug|Any CPU
		{55C12F20-978F-4CFF-A3BB-596A93585343}.Debug|iPhoneSimulator.ActiveCfg = Debug|Any CPU
		{55C12F20-978F-4CFF-A3BB-596A93585343}.Debug|iPhoneSimulator.Build.0 = Debug|Any CPU
		{55C12F20-978F-4CFF-A3BB-596A93585343}.Debug|iPhoneSimulator.Deploy.0 = Debug|Any CPU
		{55C12F20-978F-4CFF-A3BB-596A93585343}.Debug|x64.ActiveCfg = Debug|Any CPU
		{55C12F20-978F-4CFF-A3BB-596A93585343}.Debug|x64.Build.0 = Debug|Any CPU
		{55C12F20-978F-4CFF-A3BB-596A93585343}.Debug|x64.Deploy.0 = Debug|Any CPU
		{55C12F20-978F-4CFF-A3BB-596A93585343}.Debug|x86.ActiveCfg = Debug|Any CPU
		{55C12F20-978F-4CFF-A3BB-596A93585343}.Debug|x86.Build.0 = Debug|Any CPU
		{55C12F20-978F-4CFF-A3BB-596A93585343}.Debug|x86.Deploy.0 = Debug|Any CPU
		{55C12F20-978F-4CFF-A3BB-596A93585343}.Release|Any CPU.ActiveCfg = Release|Any CPU
		{55C12F20-978F-4CFF-A3BB-596A93585343}.Release|Any CPU.Build.0 = Release|Any CPU
		{55C12F20-978F-4CFF-A3BB-596A93585343}.Release|Any CPU.Deploy.0 = Release|Any CPU
		{55C12F20-978F-4CFF-A3BB-596A93585343}.Release|ARM.ActiveCfg = Release|Any CPU
		{55C12F20-978F-4CFF-A3BB-596A93585343}.Release|ARM.Build.0 = Release|Any CPU
		{55C12F20-978F-4CFF-A3BB-596A93585343}.Release|ARM.Deploy.0 = Release|Any CPU
		{55C12F20-978F-4CFF-A3BB-596A93585343}.Release|iPhone.ActiveCfg = Release|Any CPU
		{55C12F20-978F-4CFF-A3BB-596A93585343}.Release|iPhone.Build.0 = Release|Any CPU
		{55C12F20-978F-4CFF-A3BB-596A93585343}.Release|iPhone.Deploy.0 = Release|Any CPU
		{55C12F20-978F-4CFF-A3BB-596A93585343}.Release|iPhoneSimulator.ActiveCfg = Release|Any CPU
		{55C12F20-978F-4CFF-A3BB-596A93585343}.Release|iPhoneSimulator.Build.0 = Release|Any CPU
		{55C12F20-978F-4CFF-A3BB-596A93585343}.Release|iPhoneSimulator.Deploy.0 = Release|Any CPU
		{55C12F20-978F-4CFF-A3BB-596A93585343}.Release|x64.ActiveCfg = Release|Any CPU
		{55C12F20-978F-4CFF-A3BB-596A93585343}.Release|x64.Build.0 = Release|Any CPU
		{55C12F20-978F-4CFF-A3BB-596A93585343}.Release|x64.Deploy.0 = Release|Any CPU
		{55C12F20-978F-4CFF-A3BB-596A93585343}.Release|x86.ActiveCfg = Release|Any CPU
		{55C12F20-978F-4CFF-A3BB-596A93585343}.Release|x86.Build.0 = Release|Any CPU
		{55C12F20-978F-4CFF-A3BB-596A93585343}.Release|x86.Deploy.0 = Release|Any CPU
	EndGlobalSection
	GlobalSection(SolutionProperties) = preSolution
		HideSolutionNode = FALSE
	EndGlobalSection
	GlobalSection(ExtensibilityGlobals) = postSolution
		SolutionGuid = {A1E5B46E-B9CB-4A63-8565-4AB365887922}
	EndGlobalSection
EndGlobal
